
Microsoft Visual Studio Solution File, Format Version 12.00
# Visual Studio Version 16
VisualStudioVersion = 16.0.30717.126
MinimumVisualStudioVersion = 10.0.40219.1
Project("{9A19103F-16F7-4668-BE54-9A1E7A4F7556}") = "Vettel.Server", "Vettel.Server\Vettel.Server.csproj", "{32F17A65-EC8D-4566-983D-D48BE67C7AC8}"
EndProject
Project("{9A19103F-16F7-4668-BE54-9A1E7A4F7556}") = "Vettel.Client", "Vettel.Client\Vettel.Client.csproj", "{A8267691-9643-4EA8-84A6-F673281E49AF}"
EndProject
Project("{FAE04EC0-301F-11D3-BF4B-00C04F79EFBC}") = "Vettel.View", "Vettel.View\Vettel.View.csproj", "{45B1ED56-E845-4ED2-8B9E-26C4FA49214F}"
EndProject
Project("{FAE04EC0-301F-11D3-BF4B-00C04F79EFBC}") = "Vettel.Controller", "Vettel.Controller\Vettel.Controller.csproj", "{9907CEF2-65E2-4FCF-A78D-B9E84AE27BB6}"
EndProject
Global
	GlobalSection(SolutionConfigurationPlatforms) = preSolution
		Debug|Any CPU = Debug|Any CPU
		Release|Any CPU = Release|Any CPU
	EndGlobalSection
	GlobalSection(ProjectConfigurationPlatforms) = postSolution
		{32F17A65-EC8D-4566-983D-D48BE67C7AC8}.Debug|Any CPU.ActiveCfg = Debug|Any CPU
		{32F17A65-EC8D-4566-983D-D48BE67C7AC8}.Debug|Any CPU.Build.0 = Debug|Any CPU
		{32F17A65-EC8D-4566-983D-D48BE67C7AC8}.Release|Any CPU.ActiveCfg = Release|Any CPU
		{32F17A65-EC8D-4566-983D-D48BE67C7AC8}.Release|Any CPU.Build.0 = Release|Any CPU
		{A8267691-9643-4EA8-84A6-F673281E49AF}.Debug|Any CPU.ActiveCfg = Debug|Any CPU
		{A8267691-9643-4EA8-84A6-F673281E49AF}.Debug|Any CPU.Build.0 = Debug|Any CPU
		{A8267691-9643-4EA8-84A6-F673281E49AF}.Release|Any CPU.ActiveCfg = Release|Any CPU
		{A8267691-9643-4EA8-84A6-F673281E49AF}.Release|Any CPU.Build.0 = Release|Any CPU
		{45B1ED56-E845-4ED2-8B9E-26C4FA49214F}.Debug|Any CPU.ActiveCfg = Debug|Any CPU
		{45B1ED56-E845-4ED2-8B9E-26C4FA49214F}.Debug|Any CPU.Build.0 = Debug|Any CPU
		{45B1ED56-E845-4ED2-8B9E-26C4FA49214F}.Release|Any CPU.ActiveCfg = Release|Any CPU
		{45B1ED56-E845-4ED2-8B9E-26C4FA49214F}.Release|Any CPU.Build.0 = Release|Any CPU
		{9907CEF2-65E2-4FCF-A78D-B9E84AE27BB6}.Debug|Any CPU.ActiveCfg = Debug|Any CPU
		{9907CEF2-65E2-4FCF-A78D-B9E84AE27BB6}.Debug|Any CPU.Build.0 = Debug|Any CPU
		{9907CEF2-65E2-4FCF-A78D-B9E84AE27BB6}.Release|Any CPU.ActiveCfg = Release|Any CPU
		{9907CEF2-65E2-4FCF-A78D-B9E84AE27BB6}.Release|Any CPU.Build.0 = Release|Any CPU
	EndGlobalSection
	GlobalSection(SolutionProperties) = preSolution
		HideSolutionNode = FALSE
	EndGlobalSection
	GlobalSection(ExtensibilityGlobals) = postSolution
		SolutionGuid = {BD9723E2-890C-4A9D-B1F6-BB67BA9CA67F}
	EndGlobalSection
EndGlobal
